// !$*UTF8*$!
{
	archiveVersion = 1;
	classes = {
	};
	objectVersion = 51;
	objects = {

/* Begin PBXBuildFile section */
		2E8F5DDE48303D186AC165B1 /* Pods_xUtilTests.framework in Frameworks */ = {isa = PBXBuildFile; fileRef = 4DE9CBF647A2E3AB32ECFF8A /* Pods_xUtilTests.framework */; };
		3145EE7C1E1A10D83A6E8BAA /* Pods_xUtil.framework in Frameworks */ = {isa = PBXBuildFile; fileRef = FCDD53BE4FE263C304B54065 /* Pods_xUtil.framework */; };
		6307E98527F53F2100D1DFE6 /* xTask.m in Sources */ = {isa = PBXBuildFile; fileRef = 6307E95327F53F2100D1DFE6 /* xTask.m */; };
		6307E98627F53F2100D1DFE6 /* xTask.m in Sources */ = {isa = PBXBuildFile; fileRef = 6307E95327F53F2100D1DFE6 /* xTask.m */; };
		6307E98727F53F2100D1DFE6 /* NSObject+xKVO.m in Sources */ = {isa = PBXBuildFile; fileRef = 6307E95527F53F2100D1DFE6 /* NSObject+xKVO.m */; };
		6307E98827F53F2100D1DFE6 /* NSObject+xKVO.m in Sources */ = {isa = PBXBuildFile; fileRef = 6307E95527F53F2100D1DFE6 /* NSObject+xKVO.m */; };
		6307E98927F53F2100D1DFE6 /* xTimer.m in Sources */ = {isa = PBXBuildFile; fileRef = 6307E95827F53F2100D1DFE6 /* xTimer.m */; };
		6307E98A27F53F2100D1DFE6 /* xTimer.m in Sources */ = {isa = PBXBuildFile; fileRef = 6307E95827F53F2100D1DFE6 /* xTimer.m */; };
		6307E98B27F53F2100D1DFE6 /* xHooker.m in Sources */ = {isa = PBXBuildFile; fileRef = 6307E95A27F53F2100D1DFE6 /* xHooker.m */; };
		6307E98C27F53F2100D1DFE6 /* xHooker.m in Sources */ = {isa = PBXBuildFile; fileRef = 6307E95A27F53F2100D1DFE6 /* xHooker.m */; };
		6307E98D27F53F2100D1DFE6 /* xFile.m in Sources */ = {isa = PBXBuildFile; fileRef = 6307E95E27F53F2100D1DFE6 /* xFile.m */; };
		6307E98E27F53F2100D1DFE6 /* xFile.m in Sources */ = {isa = PBXBuildFile; fileRef = 6307E95E27F53F2100D1DFE6 /* xFile.m */; };
		6307E98F27F53F2100D1DFE6 /* xExtensions.m in Sources */ = {isa = PBXBuildFile; fileRef = 6307E95F27F53F2100D1DFE6 /* xExtensions.m */; };
		6307E99027F53F2100D1DFE6 /* xExtensions.m in Sources */ = {isa = PBXBuildFile; fileRef = 6307E95F27F53F2100D1DFE6 /* xExtensions.m */; };
		6307E99127F53F2100D1DFE6 /* xRegex.m in Sources */ = {isa = PBXBuildFile; fileRef = 6307E96027F53F2100D1DFE6 /* xRegex.m */; };
		6307E99227F53F2100D1DFE6 /* xRegex.m in Sources */ = {isa = PBXBuildFile; fileRef = 6307E96027F53F2100D1DFE6 /* xRegex.m */; };
		6307E99327F53F2100D1DFE6 /* xColor.m in Sources */ = {isa = PBXBuildFile; fileRef = 6307E96127F53F2100D1DFE6 /* xColor.m */; };
		6307E99427F53F2100D1DFE6 /* xColor.m in Sources */ = {isa = PBXBuildFile; fileRef = 6307E96127F53F2100D1DFE6 /* xColor.m */; };
		6307E99527F53F2100D1DFE6 /* xDevice.m in Sources */ = {isa = PBXBuildFile; fileRef = 6307E96427F53F2100D1DFE6 /* xDevice.m */; };
		6307E99627F53F2100D1DFE6 /* xDevice.m in Sources */ = {isa = PBXBuildFile; fileRef = 6307E96427F53F2100D1DFE6 /* xDevice.m */; };
		6307E99727F53F2100D1DFE6 /* xError.m in Sources */ = {isa = PBXBuildFile; fileRef = 6307E96627F53F2100D1DFE6 /* xError.m */; };
		6307E99827F53F2100D1DFE6 /* xError.m in Sources */ = {isa = PBXBuildFile; fileRef = 6307E96627F53F2100D1DFE6 /* xError.m */; };
		6307E99927F53F2100D1DFE6 /* xUrlHelper.m in Sources */ = {isa = PBXBuildFile; fileRef = 6307E96827F53F2100D1DFE6 /* xUrlHelper.m */; };
		6307E99A27F53F2100D1DFE6 /* xUrlHelper.m in Sources */ = {isa = PBXBuildFile; fileRef = 6307E96827F53F2100D1DFE6 /* xUrlHelper.m */; };
		6307E99B27F53F2100D1DFE6 /* xFont.m in Sources */ = {isa = PBXBuildFile; fileRef = 6307E96C27F53F2100D1DFE6 /* xFont.m */; };
		6307E99C27F53F2100D1DFE6 /* xFont.m in Sources */ = {isa = PBXBuildFile; fileRef = 6307E96C27F53F2100D1DFE6 /* xFont.m */; };
		6307E99D27F53F2100D1DFE6 /* xNotice.m in Sources */ = {isa = PBXBuildFile; fileRef = 6307E96D27F53F2100D1DFE6 /* xNotice.m */; };
		6307E99E27F53F2100D1DFE6 /* xNotice.m in Sources */ = {isa = PBXBuildFile; fileRef = 6307E96D27F53F2100D1DFE6 /* xNotice.m */; };
		6307E99F27F53F2100D1DFE6 /* xAVAudioPlayer.m in Sources */ = {isa = PBXBuildFile; fileRef = 6307E96F27F53F2100D1DFE6 /* xAVAudioPlayer.m */; };
		6307E9A027F53F2100D1DFE6 /* xAVAudioPlayer.m in Sources */ = {isa = PBXBuildFile; fileRef = 6307E96F27F53F2100D1DFE6 /* xAVAudioPlayer.m */; };
		6307E9A127F53F2100D1DFE6 /* xLocationManager.m in Sources */ = {isa = PBXBuildFile; fileRef = 6307E97027F53F2100D1DFE6 /* xLocationManager.m */; };
		6307E9A227F53F2100D1DFE6 /* xLocationManager.m in Sources */ = {isa = PBXBuildFile; fileRef = 6307E97027F53F2100D1DFE6 /* xLocationManager.m */; };
		6307E9A327F53F2100D1DFE6 /* xAVAudioRecorder.m in Sources */ = {isa = PBXBuildFile; fileRef = 6307E97127F53F2100D1DFE6 /* xAVAudioRecorder.m */; };
		6307E9A427F53F2100D1DFE6 /* xAVAudioRecorder.m in Sources */ = {isa = PBXBuildFile; fileRef = 6307E97127F53F2100D1DFE6 /* xAVAudioRecorder.m */; };
		6307E9A527F53F2100D1DFE6 /* xSocketService.m in Sources */ = {isa = PBXBuildFile; fileRef = 6307E97227F53F2100D1DFE6 /* xSocketService.m */; };
		6307E9A627F53F2100D1DFE6 /* xSocketService.m in Sources */ = {isa = PBXBuildFile; fileRef = 6307E97227F53F2100D1DFE6 /* xSocketService.m */; };
		6307E9A727F53F2100D1DFE6 /* xStore.m in Sources */ = {isa = PBXBuildFile; fileRef = 6307E97327F53F2100D1DFE6 /* xStore.m */; };
		6307E9A827F53F2100D1DFE6 /* xStore.m in Sources */ = {isa = PBXBuildFile; fileRef = 6307E97327F53F2100D1DFE6 /* xStore.m */; };
		6307E9A927F53F2100D1DFE6 /* xAVPlayerAgent.m in Sources */ = {isa = PBXBuildFile; fileRef = 6307E97427F53F2100D1DFE6 /* xAVPlayerAgent.m */; };
		6307E9AA27F53F2100D1DFE6 /* xAVPlayerAgent.m in Sources */ = {isa = PBXBuildFile; fileRef = 6307E97427F53F2100D1DFE6 /* xAVPlayerAgent.m */; };
		6307E9AB27F53F2100D1DFE6 /* xKeychainStore.m in Sources */ = {isa = PBXBuildFile; fileRef = 6307E97727F53F2100D1DFE6 /* xKeychainStore.m */; };
		6307E9AC27F53F2100D1DFE6 /* xKeychainStore.m in Sources */ = {isa = PBXBuildFile; fileRef = 6307E97727F53F2100D1DFE6 /* xKeychainStore.m */; };
		6307E9AD27F53F2100D1DFE6 /* xAVPlayer.m in Sources */ = {isa = PBXBuildFile; fileRef = 6307E97827F53F2100D1DFE6 /* xAVPlayer.m */; };
		6307E9AE27F53F2100D1DFE6 /* xAVPlayer.m in Sources */ = {isa = PBXBuildFile; fileRef = 6307E97827F53F2100D1DFE6 /* xAVPlayer.m */; };
		6307E9AF27F53F2100D1DFE6 /* xResourceManager.m in Sources */ = {isa = PBXBuildFile; fileRef = 6307E97927F53F2100D1DFE6 /* xResourceManager.m */; };
		6307E9B027F53F2100D1DFE6 /* xResourceManager.m in Sources */ = {isa = PBXBuildFile; fileRef = 6307E97927F53F2100D1DFE6 /* xResourceManager.m */; };
		6307E9B127F53F2100D1DFE6 /* xNetworkMonitor.m in Sources */ = {isa = PBXBuildFile; fileRef = 6307E97D27F53F2100D1DFE6 /* xNetworkMonitor.m */; };
		6307E9B227F53F2100D1DFE6 /* xNetworkMonitor.m in Sources */ = {isa = PBXBuildFile; fileRef = 6307E97D27F53F2100D1DFE6 /* xNetworkMonitor.m */; };
		6307E9B327F53F2100D1DFE6 /* xPersistantQueue.m in Sources */ = {isa = PBXBuildFile; fileRef = 6307E97E27F53F2100D1DFE6 /* xPersistantQueue.m */; };
		6307E9B427F53F2100D1DFE6 /* xPersistantQueue.m in Sources */ = {isa = PBXBuildFile; fileRef = 6307E97E27F53F2100D1DFE6 /* xPersistantQueue.m */; };
		6307EA7427F557C400D1DFE6 /* MainViewController.m in Sources */ = {isa = PBXBuildFile; fileRef = 6307EA7227F557C400D1DFE6 /* MainViewController.m */; };
		6307EA7527F557C400D1DFE6 /* bye.mp3 in Resources */ = {isa = PBXBuildFile; fileRef = 6307EA7327F557C400D1DFE6 /* bye.mp3 */; };
		6307EA8D27F5593C00D1DFE6 /* xNoticeTest.m in Sources */ = {isa = PBXBuildFile; fileRef = 6307EA7627F5593B00D1DFE6 /* xNoticeTest.m */; };
		6307EA8E27F5593C00D1DFE6 /* xRegexTests.m in Sources */ = {isa = PBXBuildFile; fileRef = 6307EA7727F5593B00D1DFE6 /* xRegexTests.m */; };
		6307EA8F27F5593C00D1DFE6 /* xTaskTests.m in Sources */ = {isa = PBXBuildFile; fileRef = 6307EA7827F5593B00D1DFE6 /* xTaskTests.m */; };
		6307EA9027F5593C00D1DFE6 /* xStoreTest.m in Sources */ = {isa = PBXBuildFile; fileRef = 6307EA7927F5593B00D1DFE6 /* xStoreTest.m */; };
		6307EA9127F5593C00D1DFE6 /* xKeychainStoreTest.m in Sources */ = {isa = PBXBuildFile; fileRef = 6307EA7A27F5593B00D1DFE6 /* xKeychainStoreTest.m */; };
		6307EA9227F5593C00D1DFE6 /* xUrlHelperTests.m in Sources */ = {isa = PBXBuildFile; fileRef = 6307EA7B27F5593B00D1DFE6 /* xUrlHelperTests.m */; };
		6307EA9327F5593C00D1DFE6 /* xNetworkMonitorTest.m in Sources */ = {isa = PBXBuildFile; fileRef = 6307EA7C27F5593C00D1DFE6 /* xNetworkMonitorTest.m */; };
		6307EA9427F5593C00D1DFE6 /* xFileTest.m in Sources */ = {isa = PBXBuildFile; fileRef = 6307EA7D27F5593C00D1DFE6 /* xFileTest.m */; };
		6307EA9527F5593C00D1DFE6 /* xAVPlayerAgentTests.m in Sources */ = {isa = PBXBuildFile; fileRef = 6307EA7E27F5593C00D1DFE6 /* xAVPlayerAgentTests.m */; };
		6307EA9627F5593C00D1DFE6 /* xResourceManagerTests.m in Sources */ = {isa = PBXBuildFile; fileRef = 6307EA7F27F5593C00D1DFE6 /* xResourceManagerTests.m */; };
		6307EA9727F5593C00D1DFE6 /* xColorTests.m in Sources */ = {isa = PBXBuildFile; fileRef = 6307EA8027F5593C00D1DFE6 /* xColorTests.m */; };
		6307EA9827F5593C00D1DFE6 /* xTimerTest.m in Sources */ = {isa = PBXBuildFile; fileRef = 6307EA8127F5593C00D1DFE6 /* xTimerTest.m */; };
		6307EA9927F5593C00D1DFE6 /* xAVPlayerTests.m in Sources */ = {isa = PBXBuildFile; fileRef = 6307EA8227F5593C00D1DFE6 /* xAVPlayerTests.m */; };
		6307EA9A27F5593C00D1DFE6 /* xFontTests.m in Sources */ = {isa = PBXBuildFile; fileRef = 6307EA8327F5593C00D1DFE6 /* xFontTests.m */; };
		6307EA9B27F5593C00D1DFE6 /* xAVAudioPlayerTests.m in Sources */ = {isa = PBXBuildFile; fileRef = 6307EA8427F5593C00D1DFE6 /* xAVAudioPlayerTests.m */; };
		6307EA9C27F5593C00D1DFE6 /* xLocationManagerTest.m in Sources */ = {isa = PBXBuildFile; fileRef = 6307EA8527F5593C00D1DFE6 /* xLocationManagerTest.m */; };
		6307EA9D27F5593C00D1DFE6 /* xAVAudioRecorderTests.m in Sources */ = {isa = PBXBuildFile; fileRef = 6307EA8627F5593C00D1DFE6 /* xAVAudioRecorderTests.m */; };
		6307EA9E27F5593C00D1DFE6 /* xPersistantQueueTests.m in Sources */ = {isa = PBXBuildFile; fileRef = 6307EA8727F5593C00D1DFE6 /* xPersistantQueueTests.m */; };
		6307EA9F27F5593C00D1DFE6 /* xDeviceTests.m in Sources */ = {isa = PBXBuildFile; fileRef = 6307EA8827F5593C00D1DFE6 /* xDeviceTests.m */; };
		6307EAA027F5593C00D1DFE6 /* xXCTUserDefineNSCodingObj.m in Sources */ = {isa = PBXBuildFile; fileRef = 6307EA8A27F5593C00D1DFE6 /* xXCTUserDefineNSCodingObj.m */; };
		6307EAA127F5593C00D1DFE6 /* xSocketServiceTests.m in Sources */ = {isa = PBXBuildFile; fileRef = 6307EA8C27F5593C00D1DFE6 /* xSocketServiceTests.m */; };
		6331E30127F4846B001DFB95 /* AppDelegate.m in Sources */ = {isa = PBXBuildFile; fileRef = 6331E30027F4846B001DFB95 /* AppDelegate.m */; };
		6331E30C27F4846D001DFB95 /* Assets.xcassets in Resources */ = {isa = PBXBuildFile; fileRef = 6331E30B27F4846D001DFB95 /* Assets.xcassets */; };
		6331E30F27F4846D001DFB95 /* LaunchScreen.storyboard in Resources */ = {isa = PBXBuildFile; fileRef = 6331E30D27F4846D001DFB95 /* LaunchScreen.storyboard */; };
		6331E31227F4846D001DFB95 /* main.m in Sources */ = {isa = PBXBuildFile; fileRef = 6331E31127F4846D001DFB95 /* main.m */; };
		63D9197A2902865F00C7C965 /* Arial-Rounded-Bold.ttf in Resources */ = {isa = PBXBuildFile; fileRef = 63D919792902865F00C7C965 /* Arial-Rounded-Bold.ttf */; };
		63D9197D2902926800C7C965 /* CustomLabel.m in Sources */ = {isa = PBXBuildFile; fileRef = 63D9197C2902926800C7C965 /* CustomLabel.m */; };
/* End PBXBuildFile section */

/* Begin PBXContainerItemProxy section */
		6331E31827F4846D001DFB95 /* PBXContainerItemProxy */ = {
			isa = PBXContainerItemProxy;
			containerPortal = 6331E2F427F4846B001DFB95 /* Project object */;
			proxyType = 1;
			remoteGlobalIDString = 6331E2FB27F4846B001DFB95;
			remoteInfo = xUtil;
		};
/* End PBXContainerItemProxy section */

/* Begin PBXFileReference section */
		481B98AD382D0EE523807462 /* Pods-xUtilTests.release.xcconfig */ = {isa = PBXFileReference; includeInIndex = 1; lastKnownFileType = text.xcconfig; name = "Pods-xUtilTests.release.xcconfig"; path = "Target Support Files/Pods-xUtilTests/Pods-xUtilTests.release.xcconfig"; sourceTree = "<group>"; };
		4DE9CBF647A2E3AB32ECFF8A /* Pods_xUtilTests.framework */ = {isa = PBXFileReference; explicitFileType = wrapper.framework; includeInIndex = 0; path = Pods_xUtilTests.framework; sourceTree = BUILT_PRODUCTS_DIR; };
		6307E95127F53F2100D1DFE6 /* xUtil.h */ = {isa = PBXFileReference; fileEncoding = 4; lastKnownFileType = sourcecode.c.h; path = xUtil.h; sourceTree = "<group>"; };
		6307E95327F53F2100D1DFE6 /* xTask.m */ = {isa = PBXFileReference; fileEncoding = 4; lastKnownFileType = sourcecode.c.objc; path = xTask.m; sourceTree = "<group>"; };
		6307E95427F53F2100D1DFE6 /* xDevice.h */ = {isa = PBXFileReference; fileEncoding = 4; lastKnownFileType = sourcecode.c.h; path = xDevice.h; sourceTree = "<group>"; };
		6307E95527F53F2100D1DFE6 /* NSObject+xKVO.m */ = {isa = PBXFileReference; fileEncoding = 4; lastKnownFileType = sourcecode.c.objc; path = "NSObject+xKVO.m"; sourceTree = "<group>"; };
		6307E95627F53F2100D1DFE6 /* xColor.h */ = {isa = PBXFileReference; fileEncoding = 4; lastKnownFileType = sourcecode.c.h; path = xColor.h; sourceTree = "<group>"; };
		6307E95727F53F2100D1DFE6 /* xRegex.h */ = {isa = PBXFileReference; fileEncoding = 4; lastKnownFileType = sourcecode.c.h; path = xRegex.h; sourceTree = "<group>"; };
		6307E95827F53F2100D1DFE6 /* xTimer.m */ = {isa = PBXFileReference; fileEncoding = 4; lastKnownFileType = sourcecode.c.objc; path = xTimer.m; sourceTree = "<group>"; };
		6307E95927F53F2100D1DFE6 /* xUrlHelper.h */ = {isa = PBXFileReference; fileEncoding = 4; lastKnownFileType = sourcecode.c.h; path = xUrlHelper.h; sourceTree = "<group>"; };
		6307E95A27F53F2100D1DFE6 /* xHooker.m */ = {isa = PBXFileReference; fileEncoding = 4; lastKnownFileType = sourcecode.c.objc; path = xHooker.m; sourceTree = "<group>"; };
		6307E95B27F53F2100D1DFE6 /* xError.h */ = {isa = PBXFileReference; fileEncoding = 4; lastKnownFileType = sourcecode.c.h; path = xError.h; sourceTree = "<group>"; };
		6307E95C27F53F2100D1DFE6 /* xNotice.h */ = {isa = PBXFileReference; fileEncoding = 4; lastKnownFileType = sourcecode.c.h; path = xNotice.h; sourceTree = "<group>"; };
		6307E95D27F53F2100D1DFE6 /* xFont.h */ = {isa = PBXFileReference; fileEncoding = 4; lastKnownFileType = sourcecode.c.h; path = xFont.h; sourceTree = "<group>"; };
		6307E95E27F53F2100D1DFE6 /* xFile.m */ = {isa = PBXFileReference; fileEncoding = 4; lastKnownFileType = sourcecode.c.objc; path = xFile.m; sourceTree = "<group>"; };
		6307E95F27F53F2100D1DFE6 /* xExtensions.m */ = {isa = PBXFileReference; fileEncoding = 4; lastKnownFileType = sourcecode.c.objc; path = xExtensions.m; sourceTree = "<group>"; };
		6307E96027F53F2100D1DFE6 /* xRegex.m */ = {isa = PBXFileReference; fileEncoding = 4; lastKnownFileType = sourcecode.c.objc; path = xRegex.m; sourceTree = "<group>"; };
		6307E96127F53F2100D1DFE6 /* xColor.m */ = {isa = PBXFileReference; fileEncoding = 4; lastKnownFileType = sourcecode.c.objc; path = xColor.m; sourceTree = "<group>"; };
		6307E96227F53F2100D1DFE6 /* xDefines.h */ = {isa = PBXFileReference; fileEncoding = 4; lastKnownFileType = sourcecode.c.h; path = xDefines.h; sourceTree = "<group>"; };
		6307E96327F53F2100D1DFE6 /* NSObject+xKVO.h */ = {isa = PBXFileReference; fileEncoding = 4; lastKnownFileType = sourcecode.c.h; path = "NSObject+xKVO.h"; sourceTree = "<group>"; };
		6307E96427F53F2100D1DFE6 /* xDevice.m */ = {isa = PBXFileReference; fileEncoding = 4; lastKnownFileType = sourcecode.c.objc; path = xDevice.m; sourceTree = "<group>"; };
		6307E96527F53F2100D1DFE6 /* xTask.h */ = {isa = PBXFileReference; fileEncoding = 4; lastKnownFileType = sourcecode.c.h; path = xTask.h; sourceTree = "<group>"; };
		6307E96627F53F2100D1DFE6 /* xError.m */ = {isa = PBXFileReference; fileEncoding = 4; lastKnownFileType = sourcecode.c.objc; path = xError.m; sourceTree = "<group>"; };
		6307E96727F53F2100D1DFE6 /* xHooker.h */ = {isa = PBXFileReference; fileEncoding = 4; lastKnownFileType = sourcecode.c.h; path = xHooker.h; sourceTree = "<group>"; };
		6307E96827F53F2100D1DFE6 /* xUrlHelper.m */ = {isa = PBXFileReference; fileEncoding = 4; lastKnownFileType = sourcecode.c.objc; path = xUrlHelper.m; sourceTree = "<group>"; };
		6307E96927F53F2100D1DFE6 /* xTimer.h */ = {isa = PBXFileReference; fileEncoding = 4; lastKnownFileType = sourcecode.c.h; path = xTimer.h; sourceTree = "<group>"; };
		6307E96A27F53F2100D1DFE6 /* xExtensions.h */ = {isa = PBXFileReference; fileEncoding = 4; lastKnownFileType = sourcecode.c.h; path = xExtensions.h; sourceTree = "<group>"; };
		6307E96B27F53F2100D1DFE6 /* xFile.h */ = {isa = PBXFileReference; fileEncoding = 4; lastKnownFileType = sourcecode.c.h; path = xFile.h; sourceTree = "<group>"; };
		6307E96C27F53F2100D1DFE6 /* xFont.m */ = {isa = PBXFileReference; fileEncoding = 4; lastKnownFileType = sourcecode.c.objc; path = xFont.m; sourceTree = "<group>"; };
		6307E96D27F53F2100D1DFE6 /* xNotice.m */ = {isa = PBXFileReference; fileEncoding = 4; lastKnownFileType = sourcecode.c.objc; path = xNotice.m; sourceTree = "<group>"; };
		6307E96F27F53F2100D1DFE6 /* xAVAudioPlayer.m */ = {isa = PBXFileReference; fileEncoding = 4; lastKnownFileType = sourcecode.c.objc; path = xAVAudioPlayer.m; sourceTree = "<group>"; };
		6307E97027F53F2100D1DFE6 /* xLocationManager.m */ = {isa = PBXFileReference; fileEncoding = 4; lastKnownFileType = sourcecode.c.objc; path = xLocationManager.m; sourceTree = "<group>"; };
		6307E97127F53F2100D1DFE6 /* xAVAudioRecorder.m */ = {isa = PBXFileReference; fileEncoding = 4; lastKnownFileType = sourcecode.c.objc; path = xAVAudioRecorder.m; sourceTree = "<group>"; };
		6307E97227F53F2100D1DFE6 /* xSocketService.m */ = {isa = PBXFileReference; fileEncoding = 4; lastKnownFileType = sourcecode.c.objc; path = xSocketService.m; sourceTree = "<group>"; };
		6307E97327F53F2100D1DFE6 /* xStore.m */ = {isa = PBXFileReference; fileEncoding = 4; lastKnownFileType = sourcecode.c.objc; path = xStore.m; sourceTree = "<group>"; };
		6307E97427F53F2100D1DFE6 /* xAVPlayerAgent.m */ = {isa = PBXFileReference; fileEncoding = 4; lastKnownFileType = sourcecode.c.objc; path = xAVPlayerAgent.m; sourceTree = "<group>"; };
		6307E97527F53F2100D1DFE6 /* xPersistantQueue.h */ = {isa = PBXFileReference; fileEncoding = 4; lastKnownFileType = sourcecode.c.h; path = xPersistantQueue.h; sourceTree = "<group>"; };
		6307E97627F53F2100D1DFE6 /* xNetworkMonitor.h */ = {isa = PBXFileReference; fileEncoding = 4; lastKnownFileType = sourcecode.c.h; path = xNetworkMonitor.h; sourceTree = "<group>"; };
		6307E97727F53F2100D1DFE6 /* xKeychainStore.m */ = {isa = PBXFileReference; fileEncoding = 4; lastKnownFileType = sourcecode.c.objc; path = xKeychainStore.m; sourceTree = "<group>"; };
		6307E97827F53F2100D1DFE6 /* xAVPlayer.m */ = {isa = PBXFileReference; fileEncoding = 4; lastKnownFileType = sourcecode.c.objc; path = xAVPlayer.m; sourceTree = "<group>"; };
		6307E97927F53F2100D1DFE6 /* xResourceManager.m */ = {isa = PBXFileReference; fileEncoding = 4; lastKnownFileType = sourcecode.c.objc; path = xResourceManager.m; sourceTree = "<group>"; };
		6307E97A27F53F2100D1DFE6 /* xLocationManager.h */ = {isa = PBXFileReference; fileEncoding = 4; lastKnownFileType = sourcecode.c.h; path = xLocationManager.h; sourceTree = "<group>"; };
		6307E97B27F53F2100D1DFE6 /* xAVAudioRecorder.h */ = {isa = PBXFileReference; fileEncoding = 4; lastKnownFileType = sourcecode.c.h; path = xAVAudioRecorder.h; sourceTree = "<group>"; };
		6307E97C27F53F2100D1DFE6 /* xAVAudioPlayer.h */ = {isa = PBXFileReference; fileEncoding = 4; lastKnownFileType = sourcecode.c.h; path = xAVAudioPlayer.h; sourceTree = "<group>"; };
		6307E97D27F53F2100D1DFE6 /* xNetworkMonitor.m */ = {isa = PBXFileReference; fileEncoding = 4; lastKnownFileType = sourcecode.c.objc; path = xNetworkMonitor.m; sourceTree = "<group>"; };
		6307E97E27F53F2100D1DFE6 /* xPersistantQueue.m */ = {isa = PBXFileReference; fileEncoding = 4; lastKnownFileType = sourcecode.c.objc; path = xPersistantQueue.m; sourceTree = "<group>"; };
		6307E97F27F53F2100D1DFE6 /* xAVPlayerAgent.h */ = {isa = PBXFileReference; fileEncoding = 4; lastKnownFileType = sourcecode.c.h; path = xAVPlayerAgent.h; sourceTree = "<group>"; };
		6307E98027F53F2100D1DFE6 /* xStore.h */ = {isa = PBXFileReference; fileEncoding = 4; lastKnownFileType = sourcecode.c.h; path = xStore.h; sourceTree = "<group>"; };
		6307E98127F53F2100D1DFE6 /* xSocketService.h */ = {isa = PBXFileReference; fileEncoding = 4; lastKnownFileType = sourcecode.c.h; path = xSocketService.h; sourceTree = "<group>"; };
		6307E98227F53F2100D1DFE6 /* xAVPlayer.h */ = {isa = PBXFileReference; fileEncoding = 4; lastKnownFileType = sourcecode.c.h; path = xAVPlayer.h; sourceTree = "<group>"; };
		6307E98327F53F2100D1DFE6 /* xKeychainStore.h */ = {isa = PBXFileReference; fileEncoding = 4; lastKnownFileType = sourcecode.c.h; path = xKeychainStore.h; sourceTree = "<group>"; };
		6307E98427F53F2100D1DFE6 /* xResourceManager.h */ = {isa = PBXFileReference; fileEncoding = 4; lastKnownFileType = sourcecode.c.h; path = xResourceManager.h; sourceTree = "<group>"; };
		6307EA7127F557C400D1DFE6 /* MainViewController.h */ = {isa = PBXFileReference; fileEncoding = 4; lastKnownFileType = sourcecode.c.h; path = MainViewController.h; sourceTree = "<group>"; };
		6307EA7227F557C400D1DFE6 /* MainViewController.m */ = {isa = PBXFileReference; fileEncoding = 4; lastKnownFileType = sourcecode.c.objc; path = MainViewController.m; sourceTree = "<group>"; };
		6307EA7327F557C400D1DFE6 /* bye.mp3 */ = {isa = PBXFileReference; lastKnownFileType = audio.mp3; path = bye.mp3; sourceTree = "<group>"; };
		6307EA7627F5593B00D1DFE6 /* xNoticeTest.m */ = {isa = PBXFileReference; fileEncoding = 4; lastKnownFileType = sourcecode.c.objc; path = xNoticeTest.m; sourceTree = "<group>"; };
		6307EA7727F5593B00D1DFE6 /* xRegexTests.m */ = {isa = PBXFileReference; fileEncoding = 4; lastKnownFileType = sourcecode.c.objc; path = xRegexTests.m; sourceTree = "<group>"; };
		6307EA7827F5593B00D1DFE6 /* xTaskTests.m */ = {isa = PBXFileReference; fileEncoding = 4; lastKnownFileType = sourcecode.c.objc; path = xTaskTests.m; sourceTree = "<group>"; };
		6307EA7927F5593B00D1DFE6 /* xStoreTest.m */ = {isa = PBXFileReference; fileEncoding = 4; lastKnownFileType = sourcecode.c.objc; path = xStoreTest.m; sourceTree = "<group>"; };
		6307EA7A27F5593B00D1DFE6 /* xKeychainStoreTest.m */ = {isa = PBXFileReference; fileEncoding = 4; lastKnownFileType = sourcecode.c.objc; path = xKeychainStoreTest.m; sourceTree = "<group>"; };
		6307EA7B27F5593B00D1DFE6 /* xUrlHelperTests.m */ = {isa = PBXFileReference; fileEncoding = 4; lastKnownFileType = sourcecode.c.objc; path = xUrlHelperTests.m; sourceTree = "<group>"; };
		6307EA7C27F5593C00D1DFE6 /* xNetworkMonitorTest.m */ = {isa = PBXFileReference; fileEncoding = 4; lastKnownFileType = sourcecode.c.objc; path = xNetworkMonitorTest.m; sourceTree = "<group>"; };
		6307EA7D27F5593C00D1DFE6 /* xFileTest.m */ = {isa = PBXFileReference; fileEncoding = 4; lastKnownFileType = sourcecode.c.objc; path = xFileTest.m; sourceTree = "<group>"; };
		6307EA7E27F5593C00D1DFE6 /* xAVPlayerAgentTests.m */ = {isa = PBXFileReference; fileEncoding = 4; lastKnownFileType = sourcecode.c.objc; path = xAVPlayerAgentTests.m; sourceTree = "<group>"; };
		6307EA7F27F5593C00D1DFE6 /* xResourceManagerTests.m */ = {isa = PBXFileReference; fileEncoding = 4; lastKnownFileType = sourcecode.c.objc; path = xResourceManagerTests.m; sourceTree = "<group>"; };
		6307EA8027F5593C00D1DFE6 /* xColorTests.m */ = {isa = PBXFileReference; fileEncoding = 4; lastKnownFileType = sourcecode.c.objc; path = xColorTests.m; sourceTree = "<group>"; };
		6307EA8127F5593C00D1DFE6 /* xTimerTest.m */ = {isa = PBXFileReference; fileEncoding = 4; lastKnownFileType = sourcecode.c.objc; path = xTimerTest.m; sourceTree = "<group>"; };
		6307EA8227F5593C00D1DFE6 /* xAVPlayerTests.m */ = {isa = PBXFileReference; fileEncoding = 4; lastKnownFileType = sourcecode.c.objc; path = xAVPlayerTests.m; sourceTree = "<group>"; };
		6307EA8327F5593C00D1DFE6 /* xFontTests.m */ = {isa = PBXFileReference; fileEncoding = 4; lastKnownFileType = sourcecode.c.objc; path = xFontTests.m; sourceTree = "<group>"; };
		6307EA8427F5593C00D1DFE6 /* xAVAudioPlayerTests.m */ = {isa = PBXFileReference; fileEncoding = 4; lastKnownFileType = sourcecode.c.objc; path = xAVAudioPlayerTests.m; sourceTree = "<group>"; };
		6307EA8527F5593C00D1DFE6 /* xLocationManagerTest.m */ = {isa = PBXFileReference; fileEncoding = 4; lastKnownFileType = sourcecode.c.objc; path = xLocationManagerTest.m; sourceTree = "<group>"; };
		6307EA8627F5593C00D1DFE6 /* xAVAudioRecorderTests.m */ = {isa = PBXFileReference; fileEncoding = 4; lastKnownFileType = sourcecode.c.objc; path = xAVAudioRecorderTests.m; sourceTree = "<group>"; };
		6307EA8727F5593C00D1DFE6 /* xPersistantQueueTests.m */ = {isa = PBXFileReference; fileEncoding = 4; lastKnownFileType = sourcecode.c.objc; path = xPersistantQueueTests.m; sourceTree = "<group>"; };
		6307EA8827F5593C00D1DFE6 /* xDeviceTests.m */ = {isa = PBXFileReference; fileEncoding = 4; lastKnownFileType = sourcecode.c.objc; path = xDeviceTests.m; sourceTree = "<group>"; };
		6307EA8A27F5593C00D1DFE6 /* xXCTUserDefineNSCodingObj.m */ = {isa = PBXFileReference; fileEncoding = 4; lastKnownFileType = sourcecode.c.objc; path = xXCTUserDefineNSCodingObj.m; sourceTree = "<group>"; };
		6307EA8B27F5593C00D1DFE6 /* xXCTUserDefineNSCodingObj.h */ = {isa = PBXFileReference; fileEncoding = 4; lastKnownFileType = sourcecode.c.h; path = xXCTUserDefineNSCodingObj.h; sourceTree = "<group>"; };
		6307EA8C27F5593C00D1DFE6 /* xSocketServiceTests.m */ = {isa = PBXFileReference; fileEncoding = 4; lastKnownFileType = sourcecode.c.objc; path = xSocketServiceTests.m; sourceTree = "<group>"; };
		6331E2FC27F4846B001DFB95 /* xUtil.app */ = {isa = PBXFileReference; explicitFileType = wrapper.application; includeInIndex = 0; path = xUtil.app; sourceTree = BUILT_PRODUCTS_DIR; };
		6331E2FF27F4846B001DFB95 /* AppDelegate.h */ = {isa = PBXFileReference; lastKnownFileType = sourcecode.c.h; path = AppDelegate.h; sourceTree = "<group>"; };
		6331E30027F4846B001DFB95 /* AppDelegate.m */ = {isa = PBXFileReference; lastKnownFileType = sourcecode.c.objc; path = AppDelegate.m; sourceTree = "<group>"; };
		6331E30B27F4846D001DFB95 /* Assets.xcassets */ = {isa = PBXFileReference; lastKnownFileType = folder.assetcatalog; path = Assets.xcassets; sourceTree = "<group>"; };
		6331E30E27F4846D001DFB95 /* Base */ = {isa = PBXFileReference; lastKnownFileType = file.storyboard; name = Base; path = Base.lproj/LaunchScreen.storyboard; sourceTree = "<group>"; };
		6331E31027F4846D001DFB95 /* Info.plist */ = {isa = PBXFileReference; lastKnownFileType = text.plist.xml; path = Info.plist; sourceTree = "<group>"; };
		6331E31127F4846D001DFB95 /* main.m */ = {isa = PBXFileReference; lastKnownFileType = sourcecode.c.objc; path = main.m; sourceTree = "<group>"; };
		6331E31727F4846D001DFB95 /* xUtilTests.xctest */ = {isa = PBXFileReference; explicitFileType = wrapper.cfbundle; includeInIndex = 0; path = xUtilTests.xctest; sourceTree = BUILT_PRODUCTS_DIR; };
		6331E31D27F4846D001DFB95 /* Info.plist */ = {isa = PBXFileReference; lastKnownFileType = text.plist.xml; path = Info.plist; sourceTree = "<group>"; };
		6331E43C27F48C4C001DFB95 /* config.xcconfig */ = {isa = PBXFileReference; lastKnownFileType = text.xcconfig; path = config.xcconfig; sourceTree = "<group>"; };
		6331E43D27F49D4D001DFB95 /* CHANGELOG.md */ = {isa = PBXFileReference; lastKnownFileType = net.daringfireball.markdown; path = CHANGELOG.md; sourceTree = "<group>"; };
		6331E43E27F49D4D001DFB95 /* README.md */ = {isa = PBXFileReference; lastKnownFileType = net.daringfireball.markdown; path = README.md; sourceTree = "<group>"; };
		6331E43F27F49D59001DFB95 /* xUtil.podspec */ = {isa = PBXFileReference; lastKnownFileType = text; path = xUtil.podspec; sourceTree = "<group>"; };
		63D919792902865F00C7C965 /* Arial-Rounded-Bold.ttf */ = {isa = PBXFileReference; lastKnownFileType = file; path = "Arial-Rounded-Bold.ttf"; sourceTree = "<group>"; };
		63D9197B2902926800C7C965 /* CustomLabel.h */ = {isa = PBXFileReference; lastKnownFileType = sourcecode.c.h; path = CustomLabel.h; sourceTree = "<group>"; };
		63D9197C2902926800C7C965 /* CustomLabel.m */ = {isa = PBXFileReference; lastKnownFileType = sourcecode.c.objc; path = CustomLabel.m; sourceTree = "<group>"; };
		9F6D8BC95DEE3DE14B92BCA7 /* Pods-xUtilTests.debug.xcconfig */ = {isa = PBXFileReference; includeInIndex = 1; lastKnownFileType = text.xcconfig; name = "Pods-xUtilTests.debug.xcconfig"; path = "Target Support Files/Pods-xUtilTests/Pods-xUtilTests.debug.xcconfig"; sourceTree = "<group>"; };
		D1C1CAB6D91A597EE640916A /* Pods-xUtil.debug.xcconfig */ = {isa = PBXFileReference; includeInIndex = 1; lastKnownFileType = text.xcconfig; name = "Pods-xUtil.debug.xcconfig"; path = "Target Support Files/Pods-xUtil/Pods-xUtil.debug.xcconfig"; sourceTree = "<group>"; };
		FCDD53BE4FE263C304B54065 /* Pods_xUtil.framework */ = {isa = PBXFileReference; explicitFileType = wrapper.framework; includeInIndex = 0; path = Pods_xUtil.framework; sourceTree = BUILT_PRODUCTS_DIR; };
		FFF64EAC5146CA267ABB5C8C /* Pods-xUtil.release.xcconfig */ = {isa = PBXFileReference; includeInIndex = 1; lastKnownFileType = text.xcconfig; name = "Pods-xUtil.release.xcconfig"; path = "Target Support Files/Pods-xUtil/Pods-xUtil.release.xcconfig"; sourceTree = "<group>"; };
/* End PBXFileReference section */

/* Begin PBXFrameworksBuildPhase section */
		6331E2F927F4846B001DFB95 /* Frameworks */ = {
			isa = PBXFrameworksBuildPhase;
			buildActionMask = 2147483647;
			files = (
				3145EE7C1E1A10D83A6E8BAA /* Pods_xUtil.framework in Frameworks */,
			);
			runOnlyForDeploymentPostprocessing = 0;
		};
		6331E31427F4846D001DFB95 /* Frameworks */ = {
			isa = PBXFrameworksBuildPhase;
			buildActionMask = 2147483647;
			files = (
				2E8F5DDE48303D186AC165B1 /* Pods_xUtilTests.framework in Frameworks */,
			);
			runOnlyForDeploymentPostprocessing = 0;
		};
/* End PBXFrameworksBuildPhase section */

/* Begin PBXGroup section */
		6307E94F27F53EF400D1DFE6 /* Source */ = {
			isa = PBXGroup;
			children = (
				6307E95027F53F2100D1DFE6 /* Classes */,
			);
			path = Source;
			sourceTree = "<group>";
		};
		6307E95027F53F2100D1DFE6 /* Classes */ = {
			isa = PBXGroup;
			children = (
				6307E95127F53F2100D1DFE6 /* xUtil.h */,
				6307E95227F53F2100D1DFE6 /* Helpers */,
				6307E96E27F53F2100D1DFE6 /* Services */,
			);
			path = Classes;
			sourceTree = "<group>";
		};
		6307E95227F53F2100D1DFE6 /* Helpers */ = {
			isa = PBXGroup;
			children = (
				6307E96327F53F2100D1DFE6 /* NSObject+xKVO.h */,
				6307E95527F53F2100D1DFE6 /* NSObject+xKVO.m */,
				6307E95627F53F2100D1DFE6 /* xColor.h */,
				6307E96127F53F2100D1DFE6 /* xColor.m */,
				6307E96227F53F2100D1DFE6 /* xDefines.h */,
				6307E95427F53F2100D1DFE6 /* xDevice.h */,
				6307E96427F53F2100D1DFE6 /* xDevice.m */,
				6307E95B27F53F2100D1DFE6 /* xError.h */,
				6307E96627F53F2100D1DFE6 /* xError.m */,
				6307E96A27F53F2100D1DFE6 /* xExtensions.h */,
				6307E95F27F53F2100D1DFE6 /* xExtensions.m */,
				6307E96B27F53F2100D1DFE6 /* xFile.h */,
				6307E95E27F53F2100D1DFE6 /* xFile.m */,
				6307E95D27F53F2100D1DFE6 /* xFont.h */,
				6307E96C27F53F2100D1DFE6 /* xFont.m */,
				6307E96727F53F2100D1DFE6 /* xHooker.h */,
				6307E95A27F53F2100D1DFE6 /* xHooker.m */,
				6307E95C27F53F2100D1DFE6 /* xNotice.h */,
				6307E96D27F53F2100D1DFE6 /* xNotice.m */,
				6307E95727F53F2100D1DFE6 /* xRegex.h */,
				6307E96027F53F2100D1DFE6 /* xRegex.m */,
				6307E96527F53F2100D1DFE6 /* xTask.h */,
				6307E95327F53F2100D1DFE6 /* xTask.m */,
				6307E96927F53F2100D1DFE6 /* xTimer.h */,
				6307E95827F53F2100D1DFE6 /* xTimer.m */,
				6307E95927F53F2100D1DFE6 /* xUrlHelper.h */,
				6307E96827F53F2100D1DFE6 /* xUrlHelper.m */,
			);
			path = Helpers;
			sourceTree = "<group>";
		};
		6307E96E27F53F2100D1DFE6 /* Services */ = {
			isa = PBXGroup;
			children = (
				6307E97C27F53F2100D1DFE6 /* xAVAudioPlayer.h */,
				6307E96F27F53F2100D1DFE6 /* xAVAudioPlayer.m */,
				6307E97B27F53F2100D1DFE6 /* xAVAudioRecorder.h */,
				6307E97127F53F2100D1DFE6 /* xAVAudioRecorder.m */,
				6307E98227F53F2100D1DFE6 /* xAVPlayer.h */,
				6307E97827F53F2100D1DFE6 /* xAVPlayer.m */,
				6307E97F27F53F2100D1DFE6 /* xAVPlayerAgent.h */,
				6307E97427F53F2100D1DFE6 /* xAVPlayerAgent.m */,
				6307E98327F53F2100D1DFE6 /* xKeychainStore.h */,
				6307E97727F53F2100D1DFE6 /* xKeychainStore.m */,
				6307E97A27F53F2100D1DFE6 /* xLocationManager.h */,
				6307E97027F53F2100D1DFE6 /* xLocationManager.m */,
				6307E97627F53F2100D1DFE6 /* xNetworkMonitor.h */,
				6307E97D27F53F2100D1DFE6 /* xNetworkMonitor.m */,
				6307E97527F53F2100D1DFE6 /* xPersistantQueue.h */,
				6307E97E27F53F2100D1DFE6 /* xPersistantQueue.m */,
				6307E98427F53F2100D1DFE6 /* xResourceManager.h */,
				6307E97927F53F2100D1DFE6 /* xResourceManager.m */,
				6307E98127F53F2100D1DFE6 /* xSocketService.h */,
				6307E97227F53F2100D1DFE6 /* xSocketService.m */,
				6307E98027F53F2100D1DFE6 /* xStore.h */,
				6307E97327F53F2100D1DFE6 /* xStore.m */,
			);
			path = Services;
			sourceTree = "<group>";
		};
		6307EA8927F5593C00D1DFE6 /* Models */ = {
			isa = PBXGroup;
			children = (
				6307EA8A27F5593C00D1DFE6 /* xXCTUserDefineNSCodingObj.m */,
				6307EA8B27F5593C00D1DFE6 /* xXCTUserDefineNSCodingObj.h */,
			);
			path = Models;
			sourceTree = "<group>";
		};
		6331E2F327F4846B001DFB95 = {
			isa = PBXGroup;
			children = (
				6331E43D27F49D4D001DFB95 /* CHANGELOG.md */,
				6331E43E27F49D4D001DFB95 /* README.md */,
				6331E43F27F49D59001DFB95 /* xUtil.podspec */,
				6331E43C27F48C4C001DFB95 /* config.xcconfig */,
				6307E94F27F53EF400D1DFE6 /* Source */,
				6331E2FE27F4846B001DFB95 /* xUtil */,
				6331E31A27F4846D001DFB95 /* xUtilTests */,
				6331E2FD27F4846B001DFB95 /* Products */,
				797D37A9E6AC1DF5525D0049 /* Pods */,
				F74B64BB1FC704DC00A58AB1 /* Frameworks */,
			);
			sourceTree = "<group>";
		};
		6331E2FD27F4846B001DFB95 /* Products */ = {
			isa = PBXGroup;
			children = (
				6331E2FC27F4846B001DFB95 /* xUtil.app */,
				6331E31727F4846D001DFB95 /* xUtilTests.xctest */,
			);
			name = Products;
			sourceTree = "<group>";
		};
		6331E2FE27F4846B001DFB95 /* xUtil */ = {
			isa = PBXGroup;
			children = (
				63D919792902865F00C7C965 /* Arial-Rounded-Bold.ttf */,
				6307EA7127F557C400D1DFE6 /* MainViewController.h */,
				6307EA7227F557C400D1DFE6 /* MainViewController.m */,
				6331E2FF27F4846B001DFB95 /* AppDelegate.h */,
				6331E30027F4846B001DFB95 /* AppDelegate.m */,
				6331E30B27F4846D001DFB95 /* Assets.xcassets */,
				6331E30D27F4846D001DFB95 /* LaunchScreen.storyboard */,
				6331E31027F4846D001DFB95 /* Info.plist */,
				6331E31127F4846D001DFB95 /* main.m */,
				63D9197B2902926800C7C965 /* CustomLabel.h */,
				63D9197C2902926800C7C965 /* CustomLabel.m */,
			);
			path = xUtil;
			sourceTree = "<group>";
		};
		6331E31A27F4846D001DFB95 /* xUtilTests */ = {
			isa = PBXGroup;
			children = (
				6307EA8927F5593C00D1DFE6 /* Models */,
				6307EA7327F557C400D1DFE6 /* bye.mp3 */,
				6307EA8427F5593C00D1DFE6 /* xAVAudioPlayerTests.m */,
				6307EA8627F5593C00D1DFE6 /* xAVAudioRecorderTests.m */,
				6307EA7E27F5593C00D1DFE6 /* xAVPlayerAgentTests.m */,
				6307EA8227F5593C00D1DFE6 /* xAVPlayerTests.m */,
				6307EA8027F5593C00D1DFE6 /* xColorTests.m */,
				6307EA8827F5593C00D1DFE6 /* xDeviceTests.m */,
				6307EA7D27F5593C00D1DFE6 /* xFileTest.m */,
				6307EA8327F5593C00D1DFE6 /* xFontTests.m */,
				6307EA7A27F5593B00D1DFE6 /* xKeychainStoreTest.m */,
				6307EA8527F5593C00D1DFE6 /* xLocationManagerTest.m */,
				6307EA7C27F5593C00D1DFE6 /* xNetworkMonitorTest.m */,
				6307EA7627F5593B00D1DFE6 /* xNoticeTest.m */,
				6307EA8727F5593C00D1DFE6 /* xPersistantQueueTests.m */,
				6307EA7727F5593B00D1DFE6 /* xRegexTests.m */,
				6307EA7F27F5593C00D1DFE6 /* xResourceManagerTests.m */,
				6307EA8C27F5593C00D1DFE6 /* xSocketServiceTests.m */,
				6307EA7927F5593B00D1DFE6 /* xStoreTest.m */,
				6307EA7827F5593B00D1DFE6 /* xTaskTests.m */,
				6307EA8127F5593C00D1DFE6 /* xTimerTest.m */,
				6307EA7B27F5593B00D1DFE6 /* xUrlHelperTests.m */,
				6331E31D27F4846D001DFB95 /* Info.plist */,
			);
			path = xUtilTests;
			sourceTree = "<group>";
		};
		797D37A9E6AC1DF5525D0049 /* Pods */ = {
			isa = PBXGroup;
			children = (
				D1C1CAB6D91A597EE640916A /* Pods-xUtil.debug.xcconfig */,
				FFF64EAC5146CA267ABB5C8C /* Pods-xUtil.release.xcconfig */,
				9F6D8BC95DEE3DE14B92BCA7 /* Pods-xUtilTests.debug.xcconfig */,
				481B98AD382D0EE523807462 /* Pods-xUtilTests.release.xcconfig */,
			);
			path = Pods;
			sourceTree = "<group>";
		};
		F74B64BB1FC704DC00A58AB1 /* Frameworks */ = {
			isa = PBXGroup;
			children = (
				FCDD53BE4FE263C304B54065 /* Pods_xUtil.framework */,
				4DE9CBF647A2E3AB32ECFF8A /* Pods_xUtilTests.framework */,
			);
			name = Frameworks;
			sourceTree = "<group>";
		};
/* End PBXGroup section */

/* Begin PBXNativeTarget section */
		6331E2FB27F4846B001DFB95 /* xUtil */ = {
			isa = PBXNativeTarget;
			buildConfigurationList = 6331E32B27F4846D001DFB95 /* Build configuration list for PBXNativeTarget "xUtil" */;
			buildPhases = (
				8CE83AA16352B7D30A757733 /* [CP] Check Pods Manifest.lock */,
				6331E2F827F4846B001DFB95 /* Sources */,
				6331E2F927F4846B001DFB95 /* Frameworks */,
				6331E2FA27F4846B001DFB95 /* Resources */,
				3E8BE89A15429C98C48B9192 /* [CP] Embed Pods Frameworks */,
			);
			buildRules = (
			);
			dependencies = (
			);
			name = xUtil;
			productName = xUtil;
			productReference = 6331E2FC27F4846B001DFB95 /* xUtil.app */;
			productType = "com.apple.product-type.application";
		};
		6331E31627F4846D001DFB95 /* xUtilTests */ = {
			isa = PBXNativeTarget;
			buildConfigurationList = 6331E32E27F4846D001DFB95 /* Build configuration list for PBXNativeTarget "xUtilTests" */;
			buildPhases = (
				6F6FF9D3E6D352D805D9D4B3 /* [CP] Check Pods Manifest.lock */,
				6331E31327F4846D001DFB95 /* Sources */,
				6331E31427F4846D001DFB95 /* Frameworks */,
				6331E31527F4846D001DFB95 /* Resources */,
				58F699576A48CFEFF7D26074 /* [CP] Embed Pods Frameworks */,
			);
			buildRules = (
			);
			dependencies = (
				6331E31927F4846D001DFB95 /* PBXTargetDependency */,
			);
			name = xUtilTests;
			productName = xUtilTests;
			productReference = 6331E31727F4846D001DFB95 /* xUtilTests.xctest */;
			productType = "com.apple.product-type.bundle.unit-test";
		};
/* End PBXNativeTarget section */

/* Begin PBXProject section */
		6331E2F427F4846B001DFB95 /* Project object */ = {
			isa = PBXProject;
			attributes = {
				LastUpgradeCheck = 1250;
				TargetAttributes = {
					6331E2FB27F4846B001DFB95 = {
						CreatedOnToolsVersion = 12.5.1;
					};
					6331E31627F4846D001DFB95 = {
						CreatedOnToolsVersion = 12.5.1;
						TestTargetID = 6331E2FB27F4846B001DFB95;
					};
				};
			};
			buildConfigurationList = 6331E2F727F4846B001DFB95 /* Build configuration list for PBXProject "xUtil" */;
			compatibilityVersion = "Xcode 9.3";
			developmentRegion = en;
			hasScannedForEncodings = 0;
			knownRegions = (
				en,
				Base,
			);
			mainGroup = 6331E2F327F4846B001DFB95;
			productRefGroup = 6331E2FD27F4846B001DFB95 /* Products */;
			projectDirPath = "";
			projectRoot = "";
			targets = (
				6331E2FB27F4846B001DFB95 /* xUtil */,
				6331E31627F4846D001DFB95 /* xUtilTests */,
			);
		};
/* End PBXProject section */

/* Begin PBXResourcesBuildPhase section */
		6331E2FA27F4846B001DFB95 /* Resources */ = {
			isa = PBXResourcesBuildPhase;
			buildActionMask = 2147483647;
			files = (
				6307EA7527F557C400D1DFE6 /* bye.mp3 in Resources */,
				6331E30F27F4846D001DFB95 /* LaunchScreen.storyboard in Resources */,
				6331E30C27F4846D001DFB95 /* Assets.xcassets in Resources */,
				63D9197A2902865F00C7C965 /* Arial-Rounded-Bold.ttf in Resources */,
			);
			runOnlyForDeploymentPostprocessing = 0;
		};
		6331E31527F4846D001DFB95 /* Resources */ = {
			isa = PBXResourcesBuildPhase;
			buildActionMask = 2147483647;
			files = (
			);
			runOnlyForDeploymentPostprocessing = 0;
		};
/* End PBXResourcesBuildPhase section */

/* Begin PBXShellScriptBuildPhase section */
		3E8BE89A15429C98C48B9192 /* [CP] Embed Pods Frameworks */ = {
			isa = PBXShellScriptBuildPhase;
			buildActionMask = 2147483647;
			files = (
			);
			inputFileListPaths = (
				"${PODS_ROOT}/Target Support Files/Pods-xUtil/Pods-xUtil-frameworks-${CONFIGURATION}-input-files.xcfilelist",
			);
			name = "[CP] Embed Pods Frameworks";
			outputFileListPaths = (
				"${PODS_ROOT}/Target Support Files/Pods-xUtil/Pods-xUtil-frameworks-${CONFIGURATION}-output-files.xcfilelist",
			);
			runOnlyForDeploymentPostprocessing = 0;
			shellPath = /bin/sh;
			shellScript = "\"${PODS_ROOT}/Target Support Files/Pods-xUtil/Pods-xUtil-frameworks.sh\"\n";
			showEnvVarsInLog = 0;
		};
		58F699576A48CFEFF7D26074 /* [CP] Embed Pods Frameworks */ = {
			isa = PBXShellScriptBuildPhase;
			buildActionMask = 2147483647;
			files = (
			);
			inputFileListPaths = (
				"${PODS_ROOT}/Target Support Files/Pods-xUtilTests/Pods-xUtilTests-frameworks-${CONFIGURATION}-input-files.xcfilelist",
			);
			name = "[CP] Embed Pods Frameworks";
			outputFileListPaths = (
				"${PODS_ROOT}/Target Support Files/Pods-xUtilTests/Pods-xUtilTests-frameworks-${CONFIGURATION}-output-files.xcfilelist",
			);
			runOnlyForDeploymentPostprocessing = 0;
			shellPath = /bin/sh;
			shellScript = "\"${PODS_ROOT}/Target Support Files/Pods-xUtilTests/Pods-xUtilTests-frameworks.sh\"\n";
			showEnvVarsInLog = 0;
		};
		6F6FF9D3E6D352D805D9D4B3 /* [CP] Check Pods Manifest.lock */ = {
			isa = PBXShellScriptBuildPhase;
			buildActionMask = 2147483647;
			files = (
			);
			inputFileListPaths = (
			);
			inputPaths = (
				"${PODS_PODFILE_DIR_PATH}/Podfile.lock",
				"${PODS_ROOT}/Manifest.lock",
			);
			name = "[CP] Check Pods Manifest.lock";
			outputFileListPaths = (
			);
			outputPaths = (
				"$(DERIVED_FILE_DIR)/Pods-xUtilTests-checkManifestLockResult.txt",
			);
			runOnlyForDeploymentPostprocessing = 0;
			shellPath = /bin/sh;
			shellScript = "diff \"${PODS_PODFILE_DIR_PATH}/Podfile.lock\" \"${PODS_ROOT}/Manifest.lock\" > /dev/null\nif [ $? != 0 ] ; then\n    # print error to STDERR\n    echo \"error: The sandbox is not in sync with the Podfile.lock. Run 'pod install' or update your CocoaPods installation.\" >&2\n    exit 1\nfi\n# This output is used by Xcode 'outputs' to avoid re-running this script phase.\necho \"SUCCESS\" > \"${SCRIPT_OUTPUT_FILE_0}\"\n";
			showEnvVarsInLog = 0;
		};
		8CE83AA16352B7D30A757733 /* [CP] Check Pods Manifest.lock */ = {
			isa = PBXShellScriptBuildPhase;
			buildActionMask = 2147483647;
			files = (
			);
			inputFileListPaths = (
			);
			inputPaths = (
				"${PODS_PODFILE_DIR_PATH}/Podfile.lock",
				"${PODS_ROOT}/Manifest.lock",
			);
			name = "[CP] Check Pods Manifest.lock";
			outputFileListPaths = (
			);
			outputPaths = (
				"$(DERIVED_FILE_DIR)/Pods-xUtil-checkManifestLockResult.txt",
			);
			runOnlyForDeploymentPostprocessing = 0;
			shellPath = /bin/sh;
			shellScript = "diff \"${PODS_PODFILE_DIR_PATH}/Podfile.lock\" \"${PODS_ROOT}/Manifest.lock\" > /dev/null\nif [ $? != 0 ] ; then\n    # print error to STDERR\n    echo \"error: The sandbox is not in sync with the Podfile.lock. Run 'pod install' or update your CocoaPods installation.\" >&2\n    exit 1\nfi\n# This output is used by Xcode 'outputs' to avoid re-running this script phase.\necho \"SUCCESS\" > \"${SCRIPT_OUTPUT_FILE_0}\"\n";
			showEnvVarsInLog = 0;
		};
/* End PBXShellScriptBuildPhase section */

/* Begin PBXSourcesBuildPhase section */
		6331E2F827F4846B001DFB95 /* Sources */ = {
			isa = PBXSourcesBuildPhase;
			buildActionMask = 2147483647;
			files = (
				6307E99527F53F2100D1DFE6 /* xDevice.m in Sources */,
				6307E98F27F53F2100D1DFE6 /* xExtensions.m in Sources */,
				6307E98927F53F2100D1DFE6 /* xTimer.m in Sources */,
				63D9197D2902926800C7C965 /* CustomLabel.m in Sources */,
				6307E99F27F53F2100D1DFE6 /* xAVAudioPlayer.m in Sources */,
				6307E98D27F53F2100D1DFE6 /* xFile.m in Sources */,
				6307E98527F53F2100D1DFE6 /* xTask.m in Sources */,
				6307E99927F53F2100D1DFE6 /* xUrlHelper.m in Sources */,
				6307E9B127F53F2100D1DFE6 /* xNetworkMonitor.m in Sources */,
				6331E30127F4846B001DFB95 /* AppDelegate.m in Sources */,
				6307E9AB27F53F2100D1DFE6 /* xKeychainStore.m in Sources */,
				6307EA7427F557C400D1DFE6 /* MainViewController.m in Sources */,
				6307E9AD27F53F2100D1DFE6 /* xAVPlayer.m in Sources */,
				6307E9B327F53F2100D1DFE6 /* xPersistantQueue.m in Sources */,
				6307E9A127F53F2100D1DFE6 /* xLocationManager.m in Sources */,
				6307E99127F53F2100D1DFE6 /* xRegex.m in Sources */,
				6307E9A727F53F2100D1DFE6 /* xStore.m in Sources */,
				6307E99B27F53F2100D1DFE6 /* xFont.m in Sources */,
				6307E9A327F53F2100D1DFE6 /* xAVAudioRecorder.m in Sources */,
				6307E9AF27F53F2100D1DFE6 /* xResourceManager.m in Sources */,
				6307E9A527F53F2100D1DFE6 /* xSocketService.m in Sources */,
				6307E99727F53F2100D1DFE6 /* xError.m in Sources */,
				6331E31227F4846D001DFB95 /* main.m in Sources */,
				6307E98727F53F2100D1DFE6 /* NSObject+xKVO.m in Sources */,
				6307E99327F53F2100D1DFE6 /* xColor.m in Sources */,
				6307E99D27F53F2100D1DFE6 /* xNotice.m in Sources */,
				6307E9A927F53F2100D1DFE6 /* xAVPlayerAgent.m in Sources */,
				6307E98B27F53F2100D1DFE6 /* xHooker.m in Sources */,
			);
			runOnlyForDeploymentPostprocessing = 0;
		};
		6331E31327F4846D001DFB95 /* Sources */ = {
			isa = PBXSourcesBuildPhase;
			buildActionMask = 2147483647;
			files = (
				6307EA9F27F5593C00D1DFE6 /* xDeviceTests.m in Sources */,
				6307EA9827F5593C00D1DFE6 /* xTimerTest.m in Sources */,
				6307EA9A27F5593C00D1DFE6 /* xFontTests.m in Sources */,
				6307E98E27F53F2100D1DFE6 /* xFile.m in Sources */,
				6307E9B027F53F2100D1DFE6 /* xResourceManager.m in Sources */,
				6307EA9D27F5593C00D1DFE6 /* xAVAudioRecorderTests.m in Sources */,
				6307E98A27F53F2100D1DFE6 /* xTimer.m in Sources */,
				6307E9AA27F53F2100D1DFE6 /* xAVPlayerAgent.m in Sources */,
				6307EA9327F5593C00D1DFE6 /* xNetworkMonitorTest.m in Sources */,
				6307E9AC27F53F2100D1DFE6 /* xKeychainStore.m in Sources */,
				6307EA8D27F5593C00D1DFE6 /* xNoticeTest.m in Sources */,
				6307E9AE27F53F2100D1DFE6 /* xAVPlayer.m in Sources */,
				6307E98827F53F2100D1DFE6 /* NSObject+xKVO.m in Sources */,
				6307E99E27F53F2100D1DFE6 /* xNotice.m in Sources */,
				6307E9A627F53F2100D1DFE6 /* xSocketService.m in Sources */,
				6307E99427F53F2100D1DFE6 /* xColor.m in Sources */,
				6307E98C27F53F2100D1DFE6 /* xHooker.m in Sources */,
				6307EA9227F5593C00D1DFE6 /* xUrlHelperTests.m in Sources */,
				6307E99027F53F2100D1DFE6 /* xExtensions.m in Sources */,
				6307E9A827F53F2100D1DFE6 /* xStore.m in Sources */,
				6307EA8F27F5593C00D1DFE6 /* xTaskTests.m in Sources */,
				6307EA9B27F5593C00D1DFE6 /* xAVAudioPlayerTests.m in Sources */,
				6307E99827F53F2100D1DFE6 /* xError.m in Sources */,
				6307EA9627F5593C00D1DFE6 /* xResourceManagerTests.m in Sources */,
				6307E9A227F53F2100D1DFE6 /* xLocationManager.m in Sources */,
				6307EA8E27F5593C00D1DFE6 /* xRegexTests.m in Sources */,
				6307E99227F53F2100D1DFE6 /* xRegex.m in Sources */,
				6307E99627F53F2100D1DFE6 /* xDevice.m in Sources */,
				6307E99C27F53F2100D1DFE6 /* xFont.m in Sources */,
				6307EA9927F5593C00D1DFE6 /* xAVPlayerTests.m in Sources */,
				6307EA9E27F5593C00D1DFE6 /* xPersistantQueueTests.m in Sources */,
				6307E9A027F53F2100D1DFE6 /* xAVAudioPlayer.m in Sources */,
				6307EA9C27F5593C00D1DFE6 /* xLocationManagerTest.m in Sources */,
				6307EAA127F5593C00D1DFE6 /* xSocketServiceTests.m in Sources */,
				6307EA9727F5593C00D1DFE6 /* xColorTests.m in Sources */,
				6307E9A427F53F2100D1DFE6 /* xAVAudioRecorder.m in Sources */,
				6307EA9127F5593C00D1DFE6 /* xKeychainStoreTest.m in Sources */,
				6307EA9527F5593C00D1DFE6 /* xAVPlayerAgentTests.m in Sources */,
				6307E99A27F53F2100D1DFE6 /* xUrlHelper.m in Sources */,
				6307EA9027F5593C00D1DFE6 /* xStoreTest.m in Sources */,
				6307E9B227F53F2100D1DFE6 /* xNetworkMonitor.m in Sources */,
				6307E9B427F53F2100D1DFE6 /* xPersistantQueue.m in Sources */,
				6307EA9427F5593C00D1DFE6 /* xFileTest.m in Sources */,
				6307E98627F53F2100D1DFE6 /* xTask.m in Sources */,
				6307EAA027F5593C00D1DFE6 /* xXCTUserDefineNSCodingObj.m in Sources */,
			);
			runOnlyForDeploymentPostprocessing = 0;
		};
/* End PBXSourcesBuildPhase section */

/* Begin PBXTargetDependency section */
		6331E31927F4846D001DFB95 /* PBXTargetDependency */ = {
			isa = PBXTargetDependency;
			target = 6331E2FB27F4846B001DFB95 /* xUtil */;
			targetProxy = 6331E31827F4846D001DFB95 /* PBXContainerItemProxy */;
		};
/* End PBXTargetDependency section */

/* Begin PBXVariantGroup section */
		6331E30D27F4846D001DFB95 /* LaunchScreen.storyboard */ = {
			isa = PBXVariantGroup;
			children = (
				6331E30E27F4846D001DFB95 /* Base */,
			);
			name = LaunchScreen.storyboard;
			sourceTree = "<group>";
		};
/* End PBXVariantGroup section */

/* Begin XCBuildConfiguration section */
		6331E32927F4846D001DFB95 /* Debug */ = {
			isa = XCBuildConfiguration;
			baseConfigurationReference = 6331E43C27F48C4C001DFB95 /* config.xcconfig */;
			buildSettings = {
				ALWAYS_SEARCH_USER_PATHS = NO;
				CLANG_ANALYZER_NONNULL = YES;
				CLANG_ANALYZER_NUMBER_OBJECT_CONVERSION = YES_AGGRESSIVE;
				CLANG_CXX_LANGUAGE_STANDARD = "gnu++14";
				CLANG_CXX_LIBRARY = "libc++";
				CLANG_ENABLE_MODULES = YES;
				CLANG_ENABLE_OBJC_ARC = YES;
				CLANG_ENABLE_OBJC_WEAK = YES;
				CLANG_WARN_BLOCK_CAPTURE_AUTORELEASING = YES;
				CLANG_WARN_BOOL_CONVERSION = YES;
				CLANG_WARN_COMMA = YES;
				CLANG_WARN_CONSTANT_CONVERSION = YES;
				CLANG_WARN_DEPRECATED_OBJC_IMPLEMENTATIONS = YES;
				CLANG_WARN_DIRECT_OBJC_ISA_USAGE = YES_ERROR;
				CLANG_WARN_DOCUMENTATION_COMMENTS = YES;
				CLANG_WARN_EMPTY_BODY = YES;
				CLANG_WARN_ENUM_CONVERSION = YES;
				CLANG_WARN_INFINITE_RECURSION = YES;
				CLANG_WARN_INT_CONVERSION = YES;
				CLANG_WARN_NON_LITERAL_NULL_CONVERSION = YES;
				CLANG_WARN_OBJC_IMPLICIT_RETAIN_SELF = YES;
				CLANG_WARN_OBJC_LITERAL_CONVERSION = YES;
				CLANG_WARN_OBJC_ROOT_CLASS = YES_ERROR;
				CLANG_WARN_QUOTED_INCLUDE_IN_FRAMEWORK_HEADER = YES;
				CLANG_WARN_RANGE_LOOP_ANALYSIS = YES;
				CLANG_WARN_STRICT_PROTOTYPES = YES;
				CLANG_WARN_SUSPICIOUS_MOVE = YES;
				CLANG_WARN_UNGUARDED_AVAILABILITY = YES_AGGRESSIVE;
				CLANG_WARN_UNREACHABLE_CODE = YES;
				CLANG_WARN__DUPLICATE_METHOD_MATCH = YES;
				COPY_PHASE_STRIP = NO;
				DEBUG_INFORMATION_FORMAT = dwarf;
				ENABLE_STRICT_OBJC_MSGSEND = YES;
				ENABLE_TESTABILITY = YES;
				GCC_C_LANGUAGE_STANDARD = gnu11;
				GCC_DYNAMIC_NO_PIC = NO;
				GCC_NO_COMMON_BLOCKS = YES;
				GCC_OPTIMIZATION_LEVEL = 0;
				GCC_PREPROCESSOR_DEFINITIONS = (
					"DEBUG=1",
					"$(inherited)",
				);
				GCC_WARN_64_TO_32_BIT_CONVERSION = YES;
				GCC_WARN_ABOUT_RETURN_TYPE = YES_ERROR;
				GCC_WARN_UNDECLARED_SELECTOR = YES;
				GCC_WARN_UNINITIALIZED_AUTOS = YES_AGGRESSIVE;
				GCC_WARN_UNUSED_FUNCTION = YES;
				GCC_WARN_UNUSED_VARIABLE = YES;
				IPHONEOS_DEPLOYMENT_TARGET = 9.0;
				MTL_ENABLE_DEBUG_INFO = INCLUDE_SOURCE;
				MTL_FAST_MATH = YES;
				ONLY_ACTIVE_ARCH = YES;
				SDKROOT = iphoneos;
			};
			name = Debug;
		};
		6331E32A27F4846D001DFB95 /* Release */ = {
			isa = XCBuildConfiguration;
			baseConfigurationReference = 6331E43C27F48C4C001DFB95 /* config.xcconfig */;
			buildSettings = {
				ALWAYS_SEARCH_USER_PATHS = NO;
				CLANG_ANALYZER_NONNULL = YES;
				CLANG_ANALYZER_NUMBER_OBJECT_CONVERSION = YES_AGGRESSIVE;
				CLANG_CXX_LANGUAGE_STANDARD = "gnu++14";
				CLANG_CXX_LIBRARY = "libc++";
				CLANG_ENABLE_MODULES = YES;
				CLANG_ENABLE_OBJC_ARC = YES;
				CLANG_ENABLE_OBJC_WEAK = YES;
				CLANG_WARN_BLOCK_CAPTURE_AUTORELEASING = YES;
				CLANG_WARN_BOOL_CONVERSION = YES;
				CLANG_WARN_COMMA = YES;
				CLANG_WARN_CONSTANT_CONVERSION = YES;
				CLANG_WARN_DEPRECATED_OBJC_IMPLEMENTATIONS = YES;
				CLANG_WARN_DIRECT_OBJC_ISA_USAGE = YES_ERROR;
				CLANG_WARN_DOCUMENTATION_COMMENTS = YES;
				CLANG_WARN_EMPTY_BODY = YES;
				CLANG_WARN_ENUM_CONVERSION = YES;
				CLANG_WARN_INFINITE_RECURSION = YES;
				CLANG_WARN_INT_CONVERSION = YES;
				CLANG_WARN_NON_LITERAL_NULL_CONVERSION = YES;
				CLANG_WARN_OBJC_IMPLICIT_RETAIN_SELF = YES;
				CLANG_WARN_OBJC_LITERAL_CONVERSION = YES;
				CLANG_WARN_OBJC_ROOT_CLASS = YES_ERROR;
				CLANG_WARN_QUOTED_INCLUDE_IN_FRAMEWORK_HEADER = YES;
				CLANG_WARN_RANGE_LOOP_ANALYSIS = YES;
				CLANG_WARN_STRICT_PROTOTYPES = YES;
				CLANG_WARN_SUSPICIOUS_MOVE = YES;
				CLANG_WARN_UNGUARDED_AVAILABILITY = YES_AGGRESSIVE;
				CLANG_WARN_UNREACHABLE_CODE = YES;
				CLANG_WARN__DUPLICATE_METHOD_MATCH = YES;
				COPY_PHASE_STRIP = NO;
				DEBUG_INFORMATION_FORMAT = "dwarf-with-dsym";
				ENABLE_NS_ASSERTIONS = NO;
				ENABLE_STRICT_OBJC_MSGSEND = YES;
				GCC_C_LANGUAGE_STANDARD = gnu11;
				GCC_NO_COMMON_BLOCKS = YES;
				GCC_WARN_64_TO_32_BIT_CONVERSION = YES;
				GCC_WARN_ABOUT_RETURN_TYPE = YES_ERROR;
				GCC_WARN_UNDECLARED_SELECTOR = YES;
				GCC_WARN_UNINITIALIZED_AUTOS = YES_AGGRESSIVE;
				GCC_WARN_UNUSED_FUNCTION = YES;
				GCC_WARN_UNUSED_VARIABLE = YES;
				IPHONEOS_DEPLOYMENT_TARGET = 9.0;
				MTL_ENABLE_DEBUG_INFO = NO;
				MTL_FAST_MATH = YES;
				SDKROOT = iphoneos;
				VALIDATE_PRODUCT = YES;
			};
			name = Release;
		};
		6331E32C27F4846D001DFB95 /* Debug */ = {
			isa = XCBuildConfiguration;
			baseConfigurationReference = D1C1CAB6D91A597EE640916A /* Pods-xUtil.debug.xcconfig */;
			buildSettings = {
				ASSETCATALOG_COMPILER_APPICON_NAME = AppIcon;
				ASSETCATALOG_COMPILER_GLOBAL_ACCENT_COLOR_NAME = AccentColor;
				CODE_SIGN_STYLE = Automatic;
				DEVELOPMENT_TEAM = 938JT75Y9S;
				INFOPLIST_FILE = xUtil/Info.plist;
				IPHONEOS_DEPLOYMENT_TARGET = 11.0;
				LD_RUNPATH_SEARCH_PATHS = (
					"$(inherited)",
					"@executable_path/Frameworks",
				);
				PRODUCT_BUNDLE_IDENTIFIER = com.xutil.xUtil;
				PRODUCT_NAME = "$(TARGET_NAME)";
				TARGETED_DEVICE_FAMILY = 1;
			};
			name = Debug;
		};
		6331E32D27F4846D001DFB95 /* Release */ = {
			isa = XCBuildConfiguration;
			baseConfigurationReference = FFF64EAC5146CA267ABB5C8C /* Pods-xUtil.release.xcconfig */;
			buildSettings = {
				ASSETCATALOG_COMPILER_APPICON_NAME = AppIcon;
				ASSETCATALOG_COMPILER_GLOBAL_ACCENT_COLOR_NAME = AccentColor;
				CODE_SIGN_STYLE = Automatic;
				DEVELOPMENT_TEAM = 938JT75Y9S;
				INFOPLIST_FILE = xUtil/Info.plist;
				IPHONEOS_DEPLOYMENT_TARGET = 11.0;
				LD_RUNPATH_SEARCH_PATHS = (
					"$(inherited)",
					"@executable_path/Frameworks",
				);
				PRODUCT_BUNDLE_IDENTIFIER = com.xutil.xUtil;
				PRODUCT_NAME = "$(TARGET_NAME)";
				TARGETED_DEVICE_FAMILY = 1;
			};
			name = Release;
		};
		6331E32F27F4846D001DFB95 /* Debug */ = {
			isa = XCBuildConfiguration;
			baseConfigurationReference = 9F6D8BC95DEE3DE14B92BCA7 /* Pods-xUtilTests.debug.xcconfig */;
			buildSettings = {
				BUNDLE_LOADER = "$(TEST_HOST)";
				CODE_SIGN_STYLE = Automatic;
				DEVELOPMENT_TEAM = 938JT75Y9S;
				INFOPLIST_FILE = xUtilTests/Info.plist;
				IPHONEOS_DEPLOYMENT_TARGET = 14.5;
				LD_RUNPATH_SEARCH_PATHS = (
					"$(inherited)",
					"@executable_path/Frameworks",
					"@loader_path/Frameworks",
				);
				PRODUCT_BUNDLE_IDENTIFIER = com.xutil.xUtilTests;
				PRODUCT_NAME = "$(TARGET_NAME)";
				TARGETED_DEVICE_FAMILY = "1,2";
				TEST_HOST = "$(BUILT_PRODUCTS_DIR)/xUtil.app/xUtil";
			};
			name = Debug;
		};
		6331E33027F4846D001DFB95 /* Release */ = {
			isa = XCBuildConfiguration;
			baseConfigurationReference = 481B98AD382D0EE523807462 /* Pods-xUtilTests.release.xcconfig */;
			buildSettings = {
				BUNDLE_LOADER = "$(TEST_HOST)";
				CODE_SIGN_STYLE = Automatic;
				DEVELOPMENT_TEAM = 938JT75Y9S;
				INFOPLIST_FILE = xUtilTests/Info.plist;
				IPHONEOS_DEPLOYMENT_TARGET = 14.5;
				LD_RUNPATH_SEARCH_PATHS = (
					"$(inherited)",
					"@executable_path/Frameworks",
					"@loader_path/Frameworks",
				);
				PRODUCT_BUNDLE_IDENTIFIER = com.xutil.xUtilTests;
				PRODUCT_NAME = "$(TARGET_NAME)";
				TARGETED_DEVICE_FAMILY = "1,2";
				TEST_HOST = "$(BUILT_PRODUCTS_DIR)/xUtil.app/xUtil";
			};
			name = Release;
		};
/* End XCBuildConfiguration section */

/* Begin XCConfigurationList section */
		6331E2F727F4846B001DFB95 /* Build configuration list for PBXProject "xUtil" */ = {
			isa = XCConfigurationList;
			buildConfigurations = (
				6331E32927F4846D001DFB95 /* Debug */,
				6331E32A27F4846D001DFB95 /* Release */,
			);
			defaultConfigurationIsVisible = 0;
			defaultConfigurationName = Release;
		};
		6331E32B27F4846D001DFB95 /* Build configuration list for PBXNativeTarget "xUtil" */ = {
			isa = XCConfigurationList;
			buildConfigurations = (
				6331E32C27F4846D001DFB95 /* Debug */,
				6331E32D27F4846D001DFB95 /* Release */,
			);
			defaultConfigurationIsVisible = 0;
			defaultConfigurationName = Release;
		};
		6331E32E27F4846D001DFB95 /* Build configuration list for PBXNativeTarget "xUtilTests" */ = {
			isa = XCConfigurationList;
			buildConfigurations = (
				6331E32F27F4846D001DFB95 /* Debug */,
				6331E33027F4846D001DFB95 /* Release */,
			);
			defaultConfigurationIsVisible = 0;
			defaultConfigurationName = Release;
		};
/* End XCConfigurationList section */
	};
	rootObject = 6331E2F427F4846B001DFB95 /* Project object */;
}
